{
  "name": "miniprogram-10",
  "version": "1.0.0",
  "lockfileVersion": 2,
  "requires": true,
  "packages": {
    "": {
      "name": "miniprogram-10",
      "version": "1.0.0",
      "license": "ISC",
      "dependencies": {
        "lin-ui": "^0.9.12",
        "weui-miniprogram": "^1.2.4"
      },
      "devDependencies": {}
    },
    "node_modules/lin-ui": {
      "version": "0.9.12",
      "resolved": "https://registry.npmmirror.com/lin-ui/-/lin-ui-0.9.12.tgz",
      "integrity": "sha512-3eXi4VgkxUbjCra8afVndi+bBi4CUrqhvGKt1p56W2zoZbk0c1ZQogX5mGjMpYrD1P2vPWx1Kw1nGipWog/lug=="
    },
    "node_modules/weui-miniprogram": {
      "version": "1.2.4",
      "resolved": "https://registry.npmmirror.com/weui-miniprogram/-/weui-miniprogram-1.2.4.tgz",
      "integrity": "sha512-AB/gGPgTJJ0vHxQQNfAwxK4JPjwV+BNGgKSxD7qyI2tLgAfZFqFyx7fPJkfOBYTYJdg38ZPA78YHIgYTyWuGEA=="
    }
  },
  "dependencies": {
    "lin-ui": {
      "version": "0.9.12",
      "resolved": "https://registry.npmmirror.com/lin-ui/-/lin-ui-0.9.12.tgz",
      "integrity": "sha512-3eXi4VgkxUbjCra8afVndi+bBi4CUrqhvGKt1p56W2zoZbk0c1ZQogX5mGjMpYrD1P2vPWx1Kw1nGipWog/lug=="
    },
    "weui-miniprogram": {
      "version": "1.2.4",
      "resolved": "https://registry.npmmirror.com/weui-miniprogram/-/weui-miniprogram-1.2.4.tgz",
      "integrity": "sha512-AB/gGPgTJJ0vHxQQNfAwxK4JPjwV+BNGgKSxD7qyI2tLgAfZFqFyx7fPJkfOBYTYJdg38ZPA78YHIgYTyWuGEA=="
    }
  }
}
